
Microsoft Visual Studio Solution File, Format Version 12.00
# Visual Studio Version 17
VisualStudioVersion = 17.1.32127.271
MinimumVisualStudioVersion = 10.0.40219.1
Project("{FAE04EC0-301F-11D3-BF4B-00C04F79EFBC}") = "Lab_8", "Lab_8.csproj", "{91A6FFF3-8156-4095-A912-8579AF86075C}"
EndProject
Global
	GlobalSection(SolutionConfigurationPlatforms) = preSolution
		Debug|Any CPU = Debug|Any CPU
		Release|Any CPU = Release|Any CPU
	EndGlobalSection
	GlobalSection(ProjectConfigurationPlatforms) = postSolution
		{91A6FFF3-8156-4095-A912-8579AF86075C}.Debug|Any CPU.ActiveCfg = Debug|Any CPU
		{91A6FFF3-8156-4095-A912-8579AF86075C}.Debug|Any CPU.Build.0 = Debug|Any CPU
		{91A6FFF3-8156-4095-A912-8579AF86075C}.Release|Any CPU.ActiveCfg = Release|Any CPU
		{91A6FFF3-8156-4095-A912-8579AF86075C}.Release|Any CPU.Build.0 = Release|Any CPU
	EndGlobalSection
	GlobalSection(SolutionProperties) = preSolution
		HideSolutionNode = FALSE
	EndGlobalSection
	GlobalSection(ExtensibilityGlobals) = postSolution
		SolutionGuid = {E449A124-B7A4-4223-A902-51802C5DD075}
	EndGlobalSection
EndGlobal
